// !$*UTF8*$!
{
	archiveVersion = 1;
	classes = {
	};
	objectVersion = 56;
	objects = {

/* Begin PBXBuildFile section */
		4229F3012BBD450100A7F365 /* CatHelpers.swift in Sources */ = {isa = PBXBuildFile; fileRef = 4229F3002BBD450100A7F365 /* CatHelpers.swift */; };
		422ADB3A2BBAC373004D2F9F /* FirebaseAnalytics in Frameworks */ = {isa = PBXBuildFile; productRef = 422ADB392BBAC373004D2F9F /* FirebaseAnalytics */; };
		422ADB3C2BBAC373004D2F9F /* FirebaseAnalyticsOnDeviceConversion in Frameworks */ = {isa = PBXBuildFile; productRef = 422ADB3B2BBAC373004D2F9F /* FirebaseAnalyticsOnDeviceConversion */; };
		422ADB3E2BBAC373004D2F9F /* FirebaseAnalyticsSwift in Frameworks */ = {isa = PBXBuildFile; productRef = 422ADB3D2BBAC373004D2F9F /* FirebaseAnalyticsSwift */; };
		422ADB402BBAC373004D2F9F /* FirebaseAnalyticsWithoutAdIdSupport in Frameworks */ = {isa = PBXBuildFile; productRef = 422ADB3F2BBAC373004D2F9F /* FirebaseAnalyticsWithoutAdIdSupport */; };
		422ADB422BBAC373004D2F9F /* FirebaseAppCheck in Frameworks */ = {isa = PBXBuildFile; productRef = 422ADB412BBAC373004D2F9F /* FirebaseAppCheck */; };
		422ADB442BBAC373004D2F9F /* FirebaseAppDistribution-Beta in Frameworks */ = {isa = PBXBuildFile; productRef = 422ADB432BBAC373004D2F9F /* FirebaseAppDistribution-Beta */; };
		422ADB462BBAC373004D2F9F /* FirebaseAuth in Frameworks */ = {isa = PBXBuildFile; productRef = 422ADB452BBAC373004D2F9F /* FirebaseAuth */; };
		422ADB482BBAC373004D2F9F /* FirebaseAuthCombine-Community in Frameworks */ = {isa = PBXBuildFile; productRef = 422ADB472BBAC373004D2F9F /* FirebaseAuthCombine-Community */; };
		422ADB4A2BBAC373004D2F9F /* FirebaseCrashlytics in Frameworks */ = {isa = PBXBuildFile; productRef = 422ADB492BBAC373004D2F9F /* FirebaseCrashlytics */; };
		422ADB4C2BBAC373004D2F9F /* FirebaseDatabase in Frameworks */ = {isa = PBXBuildFile; productRef = 422ADB4B2BBAC373004D2F9F /* FirebaseDatabase */; };
		422ADB4E2BBAC373004D2F9F /* FirebaseDatabaseSwift in Frameworks */ = {isa = PBXBuildFile; productRef = 422ADB4D2BBAC373004D2F9F /* FirebaseDatabaseSwift */; };
		422ADB502BBAC373004D2F9F /* FirebaseDynamicLinks in Frameworks */ = {isa = PBXBuildFile; productRef = 422ADB4F2BBAC373004D2F9F /* FirebaseDynamicLinks */; };
		422ADB522BBAC373004D2F9F /* FirebaseFirestore in Frameworks */ = {isa = PBXBuildFile; productRef = 422ADB512BBAC373004D2F9F /* FirebaseFirestore */; };
		422ADB542BBAC373004D2F9F /* FirebaseFirestoreCombine-Community in Frameworks */ = {isa = PBXBuildFile; productRef = 422ADB532BBAC373004D2F9F /* FirebaseFirestoreCombine-Community */; };
		422ADB562BBAC373004D2F9F /* FirebaseFirestoreSwift in Frameworks */ = {isa = PBXBuildFile; productRef = 422ADB552BBAC373004D2F9F /* FirebaseFirestoreSwift */; };
		422ADB582BBAC373004D2F9F /* FirebaseFunctions in Frameworks */ = {isa = PBXBuildFile; productRef = 422ADB572BBAC373004D2F9F /* FirebaseFunctions */; };
		422ADB5A2BBAC373004D2F9F /* FirebaseFunctionsCombine-Community in Frameworks */ = {isa = PBXBuildFile; productRef = 422ADB592BBAC373004D2F9F /* FirebaseFunctionsCombine-Community */; };
		422ADB5C2BBAC373004D2F9F /* FirebaseInAppMessaging-Beta in Frameworks */ = {isa = PBXBuildFile; productRef = 422ADB5B2BBAC373004D2F9F /* FirebaseInAppMessaging-Beta */; };
		422ADB5E2BBAC373004D2F9F /* FirebaseInAppMessagingSwift-Beta in Frameworks */ = {isa = PBXBuildFile; productRef = 422ADB5D2BBAC373004D2F9F /* FirebaseInAppMessagingSwift-Beta */; };
		422ADB602BBAC373004D2F9F /* FirebaseInstallations in Frameworks */ = {isa = PBXBuildFile; productRef = 422ADB5F2BBAC373004D2F9F /* FirebaseInstallations */; };
		422ADB622BBAC373004D2F9F /* FirebaseMLModelDownloader in Frameworks */ = {isa = PBXBuildFile; productRef = 422ADB612BBAC373004D2F9F /* FirebaseMLModelDownloader */; };
		422ADB642BBAC373004D2F9F /* FirebaseMessaging in Frameworks */ = {isa = PBXBuildFile; productRef = 422ADB632BBAC373004D2F9F /* FirebaseMessaging */; };
		422ADB662BBAC373004D2F9F /* FirebasePerformance in Frameworks */ = {isa = PBXBuildFile; productRef = 422ADB652BBAC373004D2F9F /* FirebasePerformance */; };
		422ADB682BBAC374004D2F9F /* FirebaseStorage in Frameworks */ = {isa = PBXBuildFile; productRef = 422ADB672BBAC374004D2F9F /* FirebaseStorage */; };
		422ADB6A2BBAC374004D2F9F /* FirebaseStorageCombine-Community in Frameworks */ = {isa = PBXBuildFile; productRef = 422ADB692BBAC374004D2F9F /* FirebaseStorageCombine-Community */; };
		422ADB6C2BBAC5F9004D2F9F /* StartView.swift in Sources */ = {isa = PBXBuildFile; fileRef = 422ADB6B2BBAC5F9004D2F9F /* StartView.swift */; };
		422ADB6E2BBAC637004D2F9F /* LoginView.swift in Sources */ = {isa = PBXBuildFile; fileRef = 422ADB6D2BBAC637004D2F9F /* LoginView.swift */; };
		422ADB702BBAC77A004D2F9F /* GoogleService-Info.plist in Resources */ = {isa = PBXBuildFile; fileRef = 422ADB6F2BBAC77A004D2F9F /* GoogleService-Info.plist */; };
		422ADB722BBAE206004D2F9F /* AddCatView.swift in Sources */ = {isa = PBXBuildFile; fileRef = 422ADB712BBAE206004D2F9F /* AddCatView.swift */; };
		42313A552B92620100453DCF /* CheerApp.swift in Sources */ = {isa = PBXBuildFile; fileRef = 42313A542B92620100453DCF /* CheerApp.swift */; };
		42313A572B92620100453DCF /* ContentView.swift in Sources */ = {isa = PBXBuildFile; fileRef = 42313A562B92620100453DCF /* ContentView.swift */; };
		42313A592B92620400453DCF /* Assets.xcassets in Resources */ = {isa = PBXBuildFile; fileRef = 42313A582B92620400453DCF /* Assets.xcassets */; };
		42313A5C2B92620400453DCF /* Preview Assets.xcassets in Resources */ = {isa = PBXBuildFile; fileRef = 42313A5B2B92620400453DCF /* Preview Assets.xcassets */; };
		42313A702B95114C00453DCF /* CatView.swift in Sources */ = {isa = PBXBuildFile; fileRef = 42313A6F2B95114C00453DCF /* CatView.swift */; };
		423B69B92BE2221500A2D166 /* Localizable.xcstrings in Resources */ = {isa = PBXBuildFile; fileRef = 423B69B82BE2221500A2D166 /* Localizable.xcstrings */; };
		425689CC2BBEE04E00AAA85F /* IMG_3909.jpeg in Resources */ = {isa = PBXBuildFile; fileRef = 425689CB2BBEE04D00AAA85F /* IMG_3909.jpeg */; };
		425689CE2BBFE47500AAA85F /* UserAuthentication.swift in Sources */ = {isa = PBXBuildFile; fileRef = 425689CD2BBFE47400AAA85F /* UserAuthentication.swift */; };
		425689D02BC00A2800AAA85F /* SettingsView.swift in Sources */ = {isa = PBXBuildFile; fileRef = 425689CF2BC00A2800AAA85F /* SettingsView.swift */; };
		42A0DCEC2BC4545F00B952F6 /* AudioManager.swift in Sources */ = {isa = PBXBuildFile; fileRef = 42A0DCEB2BC4545F00B952F6 /* AudioManager.swift */; };
		42A858D72BBAE37700C63B48 /* dandelion.JPG in Resources */ = {isa = PBXBuildFile; fileRef = 42A858D62BBAE37700C63B48 /* dandelion.JPG */; };
		42B70FB82BDE155000AFF167 /* CheerAppStyle.swift in Sources */ = {isa = PBXBuildFile; fileRef = 42B70FB72BDE155000AFF167 /* CheerAppStyle.swift */; };
/* End PBXBuildFile section */

/* Begin PBXFileReference section */
		4229F3002BBD450100A7F365 /* CatHelpers.swift */ = {isa = PBXFileReference; lastKnownFileType = sourcecode.swift; path = CatHelpers.swift; sourceTree = "<group>"; };
		422ADB6B2BBAC5F9004D2F9F /* StartView.swift */ = {isa = PBXFileReference; lastKnownFileType = sourcecode.swift; path = StartView.swift; sourceTree = "<group>"; };
		422ADB6D2BBAC637004D2F9F /* LoginView.swift */ = {isa = PBXFileReference; indentWidth = 1; lastKnownFileType = sourcecode.swift; path = LoginView.swift; sourceTree = "<group>"; tabWidth = 1; wrapsLines = 0; };
		422ADB6F2BBAC77A004D2F9F /* GoogleService-Info.plist */ = {isa = PBXFileReference; fileEncoding = 4; lastKnownFileType = text.plist.xml; path = "GoogleService-Info.plist"; sourceTree = "<group>"; };
		422ADB712BBAE206004D2F9F /* AddCatView.swift */ = {isa = PBXFileReference; lastKnownFileType = sourcecode.swift; path = AddCatView.swift; sourceTree = "<group>"; };
		42313A512B92620100453DCF /* CheerApp.app */ = {isa = PBXFileReference; explicitFileType = wrapper.application; includeInIndex = 0; path = CheerApp.app; sourceTree = BUILT_PRODUCTS_DIR; };
		42313A542B92620100453DCF /* CheerApp.swift */ = {isa = PBXFileReference; lastKnownFileType = sourcecode.swift; path = CheerApp.swift; sourceTree = "<group>"; };
		42313A562B92620100453DCF /* ContentView.swift */ = {isa = PBXFileReference; lastKnownFileType = sourcecode.swift; path = ContentView.swift; sourceTree = "<group>"; };
		42313A582B92620400453DCF /* Assets.xcassets */ = {isa = PBXFileReference; lastKnownFileType = folder.assetcatalog; path = Assets.xcassets; sourceTree = "<group>"; };
		42313A5B2B92620400453DCF /* Preview Assets.xcassets */ = {isa = PBXFileReference; lastKnownFileType = folder.assetcatalog; path = "Preview Assets.xcassets"; sourceTree = "<group>"; };
		42313A6F2B95114C00453DCF /* CatView.swift */ = {isa = PBXFileReference; lastKnownFileType = sourcecode.swift; path = CatView.swift; sourceTree = "<group>"; };
		423B69B82BE2221500A2D166 /* Localizable.xcstrings */ = {isa = PBXFileReference; lastKnownFileType = text.json.xcstrings; path = Localizable.xcstrings; sourceTree = "<group>"; };
		423B69F62BE2B9D900A2D166 /* CheerApp.entitlements */ = {isa = PBXFileReference; lastKnownFileType = text.plist.entitlements; path = CheerApp.entitlements; sourceTree = "<group>"; };
		425689CB2BBEE04D00AAA85F /* IMG_3909.jpeg */ = {isa = PBXFileReference; lastKnownFileType = image.jpeg; path = IMG_3909.jpeg; sourceTree = "<group>"; };
		425689CD2BBFE47400AAA85F /* UserAuthentication.swift */ = {isa = PBXFileReference; lastKnownFileType = sourcecode.swift; path = UserAuthentication.swift; sourceTree = "<group>"; };
		425689CF2BC00A2800AAA85F /* SettingsView.swift */ = {isa = PBXFileReference; lastKnownFileType = sourcecode.swift; path = SettingsView.swift; sourceTree = "<group>"; };
		42A0DCEB2BC4545F00B952F6 /* AudioManager.swift */ = {isa = PBXFileReference; lastKnownFileType = sourcecode.swift; path = AudioManager.swift; sourceTree = "<group>"; };
		42A858D62BBAE37700C63B48 /* dandelion.JPG */ = {isa = PBXFileReference; lastKnownFileType = image.jpeg; path = dandelion.JPG; sourceTree = "<group>"; };
		42B1299B2BC2858F008FFF7B /* Info.plist */ = {isa = PBXFileReference; lastKnownFileType = text.plist; path = Info.plist; sourceTree = "<group>"; };
		42B70FB72BDE155000AFF167 /* CheerAppStyle.swift */ = {isa = PBXFileReference; lastKnownFileType = sourcecode.swift; path = CheerAppStyle.swift; sourceTree = "<group>"; };
/* End PBXFileReference section */

/* Begin PBXFrameworksBuildPhase section */
		42313A4E2B92620100453DCF /* Frameworks */ = {
			isa = PBXFrameworksBuildPhase;
			buildActionMask = 2147483647;
			files = (
				422ADB4C2BBAC373004D2F9F /* FirebaseDatabase in Frameworks */,
				422ADB5A2BBAC373004D2F9F /* FirebaseFunctionsCombine-Community in Frameworks */,
				422ADB522BBAC373004D2F9F /* FirebaseFirestore in Frameworks */,
				422ADB3E2BBAC373004D2F9F /* FirebaseAnalyticsSwift in Frameworks */,
				422ADB3A2BBAC373004D2F9F /* FirebaseAnalytics in Frameworks */,
				422ADB682BBAC374004D2F9F /* FirebaseStorage in Frameworks */,
				422ADB3C2BBAC373004D2F9F /* FirebaseAnalyticsOnDeviceConversion in Frameworks */,
				422ADB622BBAC373004D2F9F /* FirebaseMLModelDownloader in Frameworks */,
				422ADB562BBAC373004D2F9F /* FirebaseFirestoreSwift in Frameworks */,
				422ADB422BBAC373004D2F9F /* FirebaseAppCheck in Frameworks */,
				422ADB402BBAC373004D2F9F /* FirebaseAnalyticsWithoutAdIdSupport in Frameworks */,
				422ADB462BBAC373004D2F9F /* FirebaseAuth in Frameworks */,
				422ADB4A2BBAC373004D2F9F /* FirebaseCrashlytics in Frameworks */,
				422ADB5C2BBAC373004D2F9F /* FirebaseInAppMessaging-Beta in Frameworks */,
				422ADB4E2BBAC373004D2F9F /* FirebaseDatabaseSwift in Frameworks */,
				422ADB582BBAC373004D2F9F /* FirebaseFunctions in Frameworks */,
				422ADB442BBAC373004D2F9F /* FirebaseAppDistribution-Beta in Frameworks */,
				422ADB482BBAC373004D2F9F /* FirebaseAuthCombine-Community in Frameworks */,
				422ADB662BBAC373004D2F9F /* FirebasePerformance in Frameworks */,
				422ADB5E2BBAC373004D2F9F /* FirebaseInAppMessagingSwift-Beta in Frameworks */,
				422ADB502BBAC373004D2F9F /* FirebaseDynamicLinks in Frameworks */,
				422ADB542BBAC373004D2F9F /* FirebaseFirestoreCombine-Community in Frameworks */,
				422ADB6A2BBAC374004D2F9F /* FirebaseStorageCombine-Community in Frameworks */,
				422ADB642BBAC373004D2F9F /* FirebaseMessaging in Frameworks */,
				422ADB602BBAC373004D2F9F /* FirebaseInstallations in Frameworks */,
			);
			runOnlyForDeploymentPostprocessing = 0;
		};
/* End PBXFrameworksBuildPhase section */

/* Begin PBXGroup section */
		42313A482B92620100453DCF = {
			isa = PBXGroup;
			children = (
				42313A532B92620100453DCF /* CheerApp */,
				42313A522B92620100453DCF /* Products */,
			);
			sourceTree = "<group>";
		};
		42313A522B92620100453DCF /* Products */ = {
			isa = PBXGroup;
			children = (
				42313A512B92620100453DCF /* CheerApp.app */,
			);
			name = Products;
			sourceTree = "<group>";
		};
		42313A532B92620100453DCF /* CheerApp */ = {
			isa = PBXGroup;
			children = (
				423B69F62BE2B9D900A2D166 /* CheerApp.entitlements */,
				42B1299B2BC2858F008FFF7B /* Info.plist */,
				422ADB6F2BBAC77A004D2F9F /* GoogleService-Info.plist */,
				42313A542B92620100453DCF /* CheerApp.swift */,
				42313A6F2B95114C00453DCF /* CatView.swift */,
				42313A562B92620100453DCF /* ContentView.swift */,
				422ADB6D2BBAC637004D2F9F /* LoginView.swift */,
				422ADB712BBAE206004D2F9F /* AddCatView.swift */,
				425689CD2BBFE47400AAA85F /* UserAuthentication.swift */,
				425689CF2BC00A2800AAA85F /* SettingsView.swift */,
				4229F3002BBD450100A7F365 /* CatHelpers.swift */,
				42A0DCEB2BC4545F00B952F6 /* AudioManager.swift */,
				42B70FB72BDE155000AFF167 /* CheerAppStyle.swift */,
				422ADB6B2BBAC5F9004D2F9F /* StartView.swift */,
				423B69B82BE2221500A2D166 /* Localizable.xcstrings */,
				425689CB2BBEE04D00AAA85F /* IMG_3909.jpeg */,
				42A858D62BBAE37700C63B48 /* dandelion.JPG */,
				42313A582B92620400453DCF /* Assets.xcassets */,
				42313A5A2B92620400453DCF /* Preview Content */,
			);
			path = CheerApp;
			sourceTree = "<group>";
		};
		42313A5A2B92620400453DCF /* Preview Content */ = {
			isa = PBXGroup;
			children = (
				42313A5B2B92620400453DCF /* Preview Assets.xcassets */,
			);
			path = "Preview Content";
			sourceTree = "<group>";
		};
/* End PBXGroup section */

/* Begin PBXNativeTarget section */
		42313A502B92620100453DCF /* CheerApp */ = {
			isa = PBXNativeTarget;
			buildConfigurationList = 42313A5F2B92620400453DCF /* Build configuration list for PBXNativeTarget "CheerApp" */;
			buildPhases = (
				42313A4D2B92620100453DCF /* Sources */,
				42313A4E2B92620100453DCF /* Frameworks */,
				42313A4F2B92620100453DCF /* Resources */,
			);
			buildRules = (
			);
			dependencies = (
			);
			name = CheerApp;
			packageProductDependencies = (
				422ADB392BBAC373004D2F9F /* FirebaseAnalytics */,
				422ADB3B2BBAC373004D2F9F /* FirebaseAnalyticsOnDeviceConversion */,
				422ADB3D2BBAC373004D2F9F /* FirebaseAnalyticsSwift */,
				422ADB3F2BBAC373004D2F9F /* FirebaseAnalyticsWithoutAdIdSupport */,
				422ADB412BBAC373004D2F9F /* FirebaseAppCheck */,
				422ADB432BBAC373004D2F9F /* FirebaseAppDistribution-Beta */,
				422ADB452BBAC373004D2F9F /* FirebaseAuth */,
				422ADB472BBAC373004D2F9F /* FirebaseAuthCombine-Community */,
				422ADB492BBAC373004D2F9F /* FirebaseCrashlytics */,
				422ADB4B2BBAC373004D2F9F /* FirebaseDatabase */,
				422ADB4D2BBAC373004D2F9F /* FirebaseDatabaseSwift */,
				422ADB4F2BBAC373004D2F9F /* FirebaseDynamicLinks */,
				422ADB512BBAC373004D2F9F /* FirebaseFirestore */,
				422ADB532BBAC373004D2F9F /* FirebaseFirestoreCombine-Community */,
				422ADB552BBAC373004D2F9F /* FirebaseFirestoreSwift */,
				422ADB572BBAC373004D2F9F /* FirebaseFunctions */,
				422ADB592BBAC373004D2F9F /* FirebaseFunctionsCombine-Community */,
				422ADB5B2BBAC373004D2F9F /* FirebaseInAppMessaging-Beta */,
				422ADB5D2BBAC373004D2F9F /* FirebaseInAppMessagingSwift-Beta */,
				422ADB5F2BBAC373004D2F9F /* FirebaseInstallations */,
				422ADB612BBAC373004D2F9F /* FirebaseMLModelDownloader */,
				422ADB632BBAC373004D2F9F /* FirebaseMessaging */,
				422ADB652BBAC373004D2F9F /* FirebasePerformance */,
				422ADB672BBAC374004D2F9F /* FirebaseStorage */,
				422ADB692BBAC374004D2F9F /* FirebaseStorageCombine-Community */,
			);
			productName = CheerApp;
			productReference = 42313A512B92620100453DCF /* CheerApp.app */;
			productType = "com.apple.product-type.application";
		};
/* End PBXNativeTarget section */

/* Begin PBXProject section */
		42313A492B92620100453DCF /* Project object */ = {
			isa = PBXProject;
			attributes = {
				BuildIndependentTargetsInParallel = 1;
				LastSwiftUpdateCheck = 1520;
				LastUpgradeCheck = 1520;
				TargetAttributes = {
					42313A502B92620100453DCF = {
						CreatedOnToolsVersion = 15.2;
					};
				};
			};
			buildConfigurationList = 42313A4C2B92620100453DCF /* Build configuration list for PBXProject "CheerApp" */;
			compatibilityVersion = "Xcode 14.0";
			developmentRegion = en;
			hasScannedForEncodings = 0;
			knownRegions = (
				en,
				Base,
				sv,
				"sv-SE",
			);
			mainGroup = 42313A482B92620100453DCF;
			packageReferences = (
				422ADB382BBAC373004D2F9F /* XCRemoteSwiftPackageReference "firebase-ios-sdk" */,
			);
			productRefGroup = 42313A522B92620100453DCF /* Products */;
			projectDirPath = "";
			projectRoot = "";
			targets = (
				42313A502B92620100453DCF /* CheerApp */,
			);
		};
/* End PBXProject section */

/* Begin PBXResourcesBuildPhase section */
		42313A4F2B92620100453DCF /* Resources */ = {
			isa = PBXResourcesBuildPhase;
			buildActionMask = 2147483647;
			files = (
				42313A5C2B92620400453DCF /* Preview Assets.xcassets in Resources */,
				422ADB702BBAC77A004D2F9F /* GoogleService-Info.plist in Resources */,
				423B69B92BE2221500A2D166 /* Localizable.xcstrings in Resources */,
				42A858D72BBAE37700C63B48 /* dandelion.JPG in Resources */,
				42313A592B92620400453DCF /* Assets.xcassets in Resources */,
				425689CC2BBEE04E00AAA85F /* IMG_3909.jpeg in Resources */,
			);
			runOnlyForDeploymentPostprocessing = 0;
		};
/* End PBXResourcesBuildPhase section */

/* Begin PBXSourcesBuildPhase section */
		42313A4D2B92620100453DCF /* Sources */ = {
			isa = PBXSourcesBuildPhase;
			buildActionMask = 2147483647;
			files = (
				42313A572B92620100453DCF /* ContentView.swift in Sources */,
				42313A552B92620100453DCF /* CheerApp.swift in Sources */,
				42313A702B95114C00453DCF /* CatView.swift in Sources */,
				42B70FB82BDE155000AFF167 /* CheerAppStyle.swift in Sources */,
				425689D02BC00A2800AAA85F /* SettingsView.swift in Sources */,
				42A0DCEC2BC4545F00B952F6 /* AudioManager.swift in Sources */,
				425689CE2BBFE47500AAA85F /* UserAuthentication.swift in Sources */,
				422ADB6E2BBAC637004D2F9F /* LoginView.swift in Sources */,
				422ADB6C2BBAC5F9004D2F9F /* StartView.swift in Sources */,
				422ADB722BBAE206004D2F9F /* AddCatView.swift in Sources */,
				4229F3012BBD450100A7F365 /* CatHelpers.swift in Sources */,
			);
			runOnlyForDeploymentPostprocessing = 0;
		};
/* End PBXSourcesBuildPhase section */

/* Begin XCBuildConfiguration section */
		42313A5D2B92620400453DCF /* Debug */ = {
			isa = XCBuildConfiguration;
			buildSettings = {
				ALWAYS_SEARCH_USER_PATHS = NO;
				ASSETCATALOG_COMPILER_GENERATE_SWIFT_ASSET_SYMBOL_EXTENSIONS = YES;
				CLANG_ANALYZER_NONNULL = YES;
				CLANG_ANALYZER_NUMBER_OBJECT_CONVERSION = YES_AGGRESSIVE;
				CLANG_CXX_LANGUAGE_STANDARD = "gnu++20";
				CLANG_ENABLE_MODULES = YES;
				CLANG_ENABLE_OBJC_ARC = YES;
				CLANG_ENABLE_OBJC_WEAK = YES;
				CLANG_WARN_BLOCK_CAPTURE_AUTORELEASING = YES;
				CLANG_WARN_BOOL_CONVERSION = YES;
				CLANG_WARN_COMMA = YES;
				CLANG_WARN_CONSTANT_CONVERSION = YES;
				CLANG_WARN_DEPRECATED_OBJC_IMPLEMENTATIONS = YES;
				CLANG_WARN_DIRECT_OBJC_ISA_USAGE = YES_ERROR;
				CLANG_WARN_DOCUMENTATION_COMMENTS = YES;
				CLANG_WARN_EMPTY_BODY = YES;
				CLANG_WARN_ENUM_CONVERSION = YES;
				CLANG_WARN_INFINITE_RECURSION = YES;
				CLANG_WARN_INT_CONVERSION = YES;
				CLANG_WARN_NON_LITERAL_NULL_CONVERSION = YES;
				CLANG_WARN_OBJC_IMPLICIT_RETAIN_SELF = YES;
				CLANG_WARN_OBJC_LITERAL_CONVERSION = YES;
				CLANG_WARN_OBJC_ROOT_CLASS = YES_ERROR;
				CLANG_WARN_QUOTED_INCLUDE_IN_FRAMEWORK_HEADER = YES;
				CLANG_WARN_RANGE_LOOP_ANALYSIS = YES;
				CLANG_WARN_STRICT_PROTOTYPES = YES;
				CLANG_WARN_SUSPICIOUS_MOVE = YES;
				CLANG_WARN_UNGUARDED_AVAILABILITY = YES_AGGRESSIVE;
				CLANG_WARN_UNREACHABLE_CODE = YES;
				CLANG_WARN__DUPLICATE_METHOD_MATCH = YES;
				COPY_PHASE_STRIP = NO;
				DEBUG_INFORMATION_FORMAT = dwarf;
				ENABLE_STRICT_OBJC_MSGSEND = YES;
				ENABLE_TESTABILITY = YES;
				ENABLE_USER_SCRIPT_SANDBOXING = YES;
				GCC_C_LANGUAGE_STANDARD = gnu17;
				GCC_DYNAMIC_NO_PIC = NO;
				GCC_NO_COMMON_BLOCKS = YES;
				GCC_OPTIMIZATION_LEVEL = 0;
				GCC_PREPROCESSOR_DEFINITIONS = (
					"DEBUG=1",
					"$(inherited)",
				);
				GCC_WARN_64_TO_32_BIT_CONVERSION = YES;
				GCC_WARN_ABOUT_RETURN_TYPE = YES_ERROR;
				GCC_WARN_UNDECLARED_SELECTOR = YES;
				GCC_WARN_UNINITIALIZED_AUTOS = YES_AGGRESSIVE;
				GCC_WARN_UNUSED_FUNCTION = YES;
				GCC_WARN_UNUSED_VARIABLE = YES;
				IPHONEOS_DEPLOYMENT_TARGET = 17.2;
				LOCALIZATION_PREFERS_STRING_CATALOGS = YES;
				MTL_ENABLE_DEBUG_INFO = INCLUDE_SOURCE;
				MTL_FAST_MATH = YES;
				ONLY_ACTIVE_ARCH = YES;
				SDKROOT = iphoneos;
				SWIFT_ACTIVE_COMPILATION_CONDITIONS = "DEBUG $(inherited)";
				SWIFT_OPTIMIZATION_LEVEL = "-Onone";
			};
			name = Debug;
		};
		42313A5E2B92620400453DCF /* Release */ = {
			isa = XCBuildConfiguration;
			buildSettings = {
				ALWAYS_SEARCH_USER_PATHS = NO;
				ASSETCATALOG_COMPILER_GENERATE_SWIFT_ASSET_SYMBOL_EXTENSIONS = YES;
				CLANG_ANALYZER_NONNULL = YES;
				CLANG_ANALYZER_NUMBER_OBJECT_CONVERSION = YES_AGGRESSIVE;
				CLANG_CXX_LANGUAGE_STANDARD = "gnu++20";
				CLANG_ENABLE_MODULES = YES;
				CLANG_ENABLE_OBJC_ARC = YES;
				CLANG_ENABLE_OBJC_WEAK = YES;
				CLANG_WARN_BLOCK_CAPTURE_AUTORELEASING = YES;
				CLANG_WARN_BOOL_CONVERSION = YES;
				CLANG_WARN_COMMA = YES;
				CLANG_WARN_CONSTANT_CONVERSION = YES;
				CLANG_WARN_DEPRECATED_OBJC_IMPLEMENTATIONS = YES;
				CLANG_WARN_DIRECT_OBJC_ISA_USAGE = YES_ERROR;
				CLANG_WARN_DOCUMENTATION_COMMENTS = YES;
				CLANG_WARN_EMPTY_BODY = YES;
				CLANG_WARN_ENUM_CONVERSION = YES;
				CLANG_WARN_INFINITE_RECURSION = YES;
				CLANG_WARN_INT_CONVERSION = YES;
				CLANG_WARN_NON_LITERAL_NULL_CONVERSION = YES;
				CLANG_WARN_OBJC_IMPLICIT_RETAIN_SELF = YES;
				CLANG_WARN_OBJC_LITERAL_CONVERSION = YES;
				CLANG_WARN_OBJC_ROOT_CLASS = YES_ERROR;
				CLANG_WARN_QUOTED_INCLUDE_IN_FRAMEWORK_HEADER = YES;
				CLANG_WARN_RANGE_LOOP_ANALYSIS = YES;
				CLANG_WARN_STRICT_PROTOTYPES = YES;
				CLANG_WARN_SUSPICIOUS_MOVE = YES;
				CLANG_WARN_UNGUARDED_AVAILABILITY = YES_AGGRESSIVE;
				CLANG_WARN_UNREACHABLE_CODE = YES;
				CLANG_WARN__DUPLICATE_METHOD_MATCH = YES;
				COPY_PHASE_STRIP = NO;
				DEBUG_INFORMATION_FORMAT = "dwarf-with-dsym";
				ENABLE_NS_ASSERTIONS = NO;
				ENABLE_STRICT_OBJC_MSGSEND = YES;
				ENABLE_USER_SCRIPT_SANDBOXING = YES;
				GCC_C_LANGUAGE_STANDARD = gnu17;
				GCC_NO_COMMON_BLOCKS = YES;
				GCC_WARN_64_TO_32_BIT_CONVERSION = YES;
				GCC_WARN_ABOUT_RETURN_TYPE = YES_ERROR;
				GCC_WARN_UNDECLARED_SELECTOR = YES;
				GCC_WARN_UNINITIALIZED_AUTOS = YES_AGGRESSIVE;
				GCC_WARN_UNUSED_FUNCTION = YES;
				GCC_WARN_UNUSED_VARIABLE = YES;
				IPHONEOS_DEPLOYMENT_TARGET = 17.2;
				LOCALIZATION_PREFERS_STRING_CATALOGS = YES;
				MTL_ENABLE_DEBUG_INFO = NO;
				MTL_FAST_MATH = YES;
				SDKROOT = iphoneos;
				SWIFT_COMPILATION_MODE = wholemodule;
				VALIDATE_PRODUCT = YES;
			};
			name = Release;
		};
		42313A602B92620400453DCF /* Debug */ = {
			isa = XCBuildConfiguration;
			buildSettings = {
				ASSETCATALOG_COMPILER_APPICON_NAME = AppIcon;
				ASSETCATALOG_COMPILER_GLOBAL_ACCENT_COLOR_NAME = AccentColor;
				CODE_SIGN_ENTITLEMENTS = CheerApp/CheerApp.entitlements;
				CODE_SIGN_STYLE = Automatic;
				CURRENT_PROJECT_VERSION = 4;
				DEVELOPMENT_ASSET_PATHS = "\"CheerApp/Preview Content\"";
				DEVELOPMENT_TEAM = 4JQALNSV6W;
				ENABLE_PREVIEWS = YES;
				GENERATE_INFOPLIST_FILE = YES;
				INFOPLIST_FILE = CheerApp/Info.plist;
				INFOPLIST_KEY_CFBundleDisplayName = CheerMeApp;
				INFOPLIST_KEY_LSApplicationCategoryType = "public.app-category.lifestyle";
				INFOPLIST_KEY_NSMicrophoneUsageDescription = "";
				INFOPLIST_KEY_NSPhotoLibraryAddUsageDescription = "";
				INFOPLIST_KEY_UIApplicationSceneManifest_Generation = YES;
				INFOPLIST_KEY_UIApplicationSupportsIndirectInputEvents = YES;
				INFOPLIST_KEY_UILaunchScreen_Generation = YES;
				INFOPLIST_KEY_UISupportedInterfaceOrientations_iPad = "UIInterfaceOrientationPortrait UIInterfaceOrientationPortraitUpsideDown UIInterfaceOrientationLandscapeLeft UIInterfaceOrientationLandscapeRight";
				INFOPLIST_KEY_UISupportedInterfaceOrientations_iPhone = "UIInterfaceOrientationPortrait UIInterfaceOrientationLandscapeLeft UIInterfaceOrientationLandscapeRight";
				LD_RUNPATH_SEARCH_PATHS = (
					"$(inherited)",
					"@executable_path/Frameworks",
				);
				MARKETING_VERSION = 1.1.2;
				PRODUCT_BUNDLE_IDENTIFIER = se.lisa.CheerApp;
				PRODUCT_NAME = "$(TARGET_NAME)";
				SUPPORTED_PLATFORMS = "iphoneos iphonesimulator";
				SUPPORTS_MACCATALYST = NO;
				SUPPORTS_MAC_DESIGNED_FOR_IPHONE_IPAD = NO;
				SUPPORTS_XR_DESIGNED_FOR_IPHONE_IPAD = NO;
				SWIFT_EMIT_LOC_STRINGS = YES;
				SWIFT_VERSION = 5.0;
				TARGETED_DEVICE_FAMILY = "1,2";
			};
			name = Debug;
		};
		42313A612B92620400453DCF /* Release */ = {
			isa = XCBuildConfiguration;
			buildSettings = {
				ASSETCATALOG_COMPILER_APPICON_NAME = AppIcon;
				ASSETCATALOG_COMPILER_GLOBAL_ACCENT_COLOR_NAME = AccentColor;
				CODE_SIGN_ENTITLEMENTS = CheerApp/CheerApp.entitlements;
				CODE_SIGN_STYLE = Automatic;
				CURRENT_PROJECT_VERSION = 4;
				DEVELOPMENT_ASSET_PATHS = "\"CheerApp/Preview Content\"";
				DEVELOPMENT_TEAM = 4JQALNSV6W;
				ENABLE_PREVIEWS = YES;
				GENERATE_INFOPLIST_FILE = YES;
				INFOPLIST_FILE = CheerApp/Info.plist;
				INFOPLIST_KEY_CFBundleDisplayName = CheerMeApp;
				INFOPLIST_KEY_LSApplicationCategoryType = "public.app-category.lifestyle";
				INFOPLIST_KEY_NSMicrophoneUsageDescription = "";
				INFOPLIST_KEY_NSPhotoLibraryAddUsageDescription = "";
				INFOPLIST_KEY_UIApplicationSceneManifest_Generation = YES;
				INFOPLIST_KEY_UIApplicationSupportsIndirectInputEvents = YES;
				INFOPLIST_KEY_UILaunchScreen_Generation = YES;
				INFOPLIST_KEY_UISupportedInterfaceOrientations_iPad = "UIInterfaceOrientationPortrait UIInterfaceOrientationPortraitUpsideDown UIInterfaceOrientationLandscapeLeft UIInterfaceOrientationLandscapeRight";
				INFOPLIST_KEY_UISupportedInterfaceOrientations_iPhone = "UIInterfaceOrientationPortrait UIInterfaceOrientationLandscapeLeft UIInterfaceOrientationLandscapeRight";
				LD_RUNPATH_SEARCH_PATHS = (
					"$(inherited)",
					"@executable_path/Frameworks",
				);
				MARKETING_VERSION = 1.1.2;
				PRODUCT_BUNDLE_IDENTIFIER = se.lisa.CheerApp;
				PRODUCT_NAME = "$(TARGET_NAME)";
				SUPPORTED_PLATFORMS = "iphoneos iphonesimulator";
				SUPPORTS_MACCATALYST = NO;
				SUPPORTS_MAC_DESIGNED_FOR_IPHONE_IPAD = NO;
				SUPPORTS_XR_DESIGNED_FOR_IPHONE_IPAD = NO;
				SWIFT_EMIT_LOC_STRINGS = YES;
				SWIFT_VERSION = 5.0;
				TARGETED_DEVICE_FAMILY = "1,2";
			};
			name = Release;
		};
/* End XCBuildConfiguration section */

/* Begin XCConfigurationList section */
		42313A4C2B92620100453DCF /* Build configuration list for PBXProject "CheerApp" */ = {
			isa = XCConfigurationList;
			buildConfigurations = (
				42313A5D2B92620400453DCF /* Debug */,
				42313A5E2B92620400453DCF /* Release */,
			);
			defaultConfigurationIsVisible = 0;
			defaultConfigurationName = Release;
		};
		42313A5F2B92620400453DCF /* Build configuration list for PBXNativeTarget "CheerApp" */ = {
			isa = XCConfigurationList;
			buildConfigurations = (
				42313A602B92620400453DCF /* Debug */,
				42313A612B92620400453DCF /* Release */,
			);
			defaultConfigurationIsVisible = 0;
			defaultConfigurationName = Release;
		};
/* End XCConfigurationList section */

/* Begin XCRemoteSwiftPackageReference section */
		422ADB382BBAC373004D2F9F /* XCRemoteSwiftPackageReference "firebase-ios-sdk" */ = {
			isa = XCRemoteSwiftPackageReference;
			repositoryURL = "https://github.com/firebase/firebase-ios-sdk";
			requirement = {
				kind = upToNextMajorVersion;
				minimumVersion = 10.23.1;
			};
		};
/* End XCRemoteSwiftPackageReference section */

/* Begin XCSwiftPackageProductDependency section */
		422ADB392BBAC373004D2F9F /* FirebaseAnalytics */ = {
			isa = XCSwiftPackageProductDependency;
			package = 422ADB382BBAC373004D2F9F /* XCRemoteSwiftPackageReference "firebase-ios-sdk" */;
			productName = FirebaseAnalytics;
		};
		422ADB3B2BBAC373004D2F9F /* FirebaseAnalyticsOnDeviceConversion */ = {
			isa = XCSwiftPackageProductDependency;
			package = 422ADB382BBAC373004D2F9F /* XCRemoteSwiftPackageReference "firebase-ios-sdk" */;
			productName = FirebaseAnalyticsOnDeviceConversion;
		};
		422ADB3D2BBAC373004D2F9F /* FirebaseAnalyticsSwift */ = {
			isa = XCSwiftPackageProductDependency;
			package = 422ADB382BBAC373004D2F9F /* XCRemoteSwiftPackageReference "firebase-ios-sdk" */;
			productName = FirebaseAnalyticsSwift;
		};
		422ADB3F2BBAC373004D2F9F /* FirebaseAnalyticsWithoutAdIdSupport */ = {
			isa = XCSwiftPackageProductDependency;
			package = 422ADB382BBAC373004D2F9F /* XCRemoteSwiftPackageReference "firebase-ios-sdk" */;
			productName = FirebaseAnalyticsWithoutAdIdSupport;
		};
		422ADB412BBAC373004D2F9F /* FirebaseAppCheck */ = {
			isa = XCSwiftPackageProductDependency;
			package = 422ADB382BBAC373004D2F9F /* XCRemoteSwiftPackageReference "firebase-ios-sdk" */;
			productName = FirebaseAppCheck;
		};
		422ADB432BBAC373004D2F9F /* FirebaseAppDistribution-Beta */ = {
			isa = XCSwiftPackageProductDependency;
			package = 422ADB382BBAC373004D2F9F /* XCRemoteSwiftPackageReference "firebase-ios-sdk" */;
			productName = "FirebaseAppDistribution-Beta";
		};
		422ADB452BBAC373004D2F9F /* FirebaseAuth */ = {
			isa = XCSwiftPackageProductDependency;
			package = 422ADB382BBAC373004D2F9F /* XCRemoteSwiftPackageReference "firebase-ios-sdk" */;
			productName = FirebaseAuth;
		};
		422ADB472BBAC373004D2F9F /* FirebaseAuthCombine-Community */ = {
			isa = XCSwiftPackageProductDependency;
			package = 422ADB382BBAC373004D2F9F /* XCRemoteSwiftPackageReference "firebase-ios-sdk" */;
			productName = "FirebaseAuthCombine-Community";
		};
		422ADB492BBAC373004D2F9F /* FirebaseCrashlytics */ = {
			isa = XCSwiftPackageProductDependency;
			package = 422ADB382BBAC373004D2F9F /* XCRemoteSwiftPackageReference "firebase-ios-sdk" */;
			productName = FirebaseCrashlytics;
		};
		422ADB4B2BBAC373004D2F9F /* FirebaseDatabase */ = {
			isa = XCSwiftPackageProductDependency;
			package = 422ADB382BBAC373004D2F9F /* XCRemoteSwiftPackageReference "firebase-ios-sdk" */;
			productName = FirebaseDatabase;
		};
		422ADB4D2BBAC373004D2F9F /* FirebaseDatabaseSwift */ = {
			isa = XCSwiftPackageProductDependency;
			package = 422ADB382BBAC373004D2F9F /* XCRemoteSwiftPackageReference "firebase-ios-sdk" */;
			productName = FirebaseDatabaseSwift;
		};
		422ADB4F2BBAC373004D2F9F /* FirebaseDynamicLinks */ = {
			isa = XCSwiftPackageProductDependency;
			package = 422ADB382BBAC373004D2F9F /* XCRemoteSwiftPackageReference "firebase-ios-sdk" */;
			productName = FirebaseDynamicLinks;
		};
		422ADB512BBAC373004D2F9F /* FirebaseFirestore */ = {
			isa = XCSwiftPackageProductDependency;
			package = 422ADB382BBAC373004D2F9F /* XCRemoteSwiftPackageReference "firebase-ios-sdk" */;
			productName = FirebaseFirestore;
		};
		422ADB532BBAC373004D2F9F /* FirebaseFirestoreCombine-Community */ = {
			isa = XCSwiftPackageProductDependency;
			package = 422ADB382BBAC373004D2F9F /* XCRemoteSwiftPackageReference "firebase-ios-sdk" */;
			productName = "FirebaseFirestoreCombine-Community";
		};
		422ADB552BBAC373004D2F9F /* FirebaseFirestoreSwift */ = {
			isa = XCSwiftPackageProductDependency;
			package = 422ADB382BBAC373004D2F9F /* XCRemoteSwiftPackageReference "firebase-ios-sdk" */;
			productName = FirebaseFirestoreSwift;
		};
		422ADB572BBAC373004D2F9F /* FirebaseFunctions */ = {
			isa = XCSwiftPackageProductDependency;
			package = 422ADB382BBAC373004D2F9F /* XCRemoteSwiftPackageReference "firebase-ios-sdk" */;
			productName = FirebaseFunctions;
		};
		422ADB592BBAC373004D2F9F /* FirebaseFunctionsCombine-Community */ = {
			isa = XCSwiftPackageProductDependency;
			package = 422ADB382BBAC373004D2F9F /* XCRemoteSwiftPackageReference "firebase-ios-sdk" */;
			productName = "FirebaseFunctionsCombine-Community";
		};
		422ADB5B2BBAC373004D2F9F /* FirebaseInAppMessaging-Beta */ = {
			isa = XCSwiftPackageProductDependency;
			package = 422ADB382BBAC373004D2F9F /* XCRemoteSwiftPackageReference "firebase-ios-sdk" */;
			productName = "FirebaseInAppMessaging-Beta";
		};
		422ADB5D2BBAC373004D2F9F /* FirebaseInAppMessagingSwift-Beta */ = {
			isa = XCSwiftPackageProductDependency;
			package = 422ADB382BBAC373004D2F9F /* XCRemoteSwiftPackageReference "firebase-ios-sdk" */;
			productName = "FirebaseInAppMessagingSwift-Beta";
		};
		422ADB5F2BBAC373004D2F9F /* FirebaseInstallations */ = {
			isa = XCSwiftPackageProductDependency;
			package = 422ADB382BBAC373004D2F9F /* XCRemoteSwiftPackageReference "firebase-ios-sdk" */;
			productName = FirebaseInstallations;
		};
		422ADB612BBAC373004D2F9F /* FirebaseMLModelDownloader */ = {
			isa = XCSwiftPackageProductDependency;
			package = 422ADB382BBAC373004D2F9F /* XCRemoteSwiftPackageReference "firebase-ios-sdk" */;
			productName = FirebaseMLModelDownloader;
		};
		422ADB632BBAC373004D2F9F /* FirebaseMessaging */ = {
			isa = XCSwiftPackageProductDependency;
			package = 422ADB382BBAC373004D2F9F /* XCRemoteSwiftPackageReference "firebase-ios-sdk" */;
			productName = FirebaseMessaging;
		};
		422ADB652BBAC373004D2F9F /* FirebasePerformance */ = {
			isa = XCSwiftPackageProductDependency;
			package = 422ADB382BBAC373004D2F9F /* XCRemoteSwiftPackageReference "firebase-ios-sdk" */;
			productName = FirebasePerformance;
		};
		422ADB672BBAC374004D2F9F /* FirebaseStorage */ = {
			isa = XCSwiftPackageProductDependency;
			package = 422ADB382BBAC373004D2F9F /* XCRemoteSwiftPackageReference "firebase-ios-sdk" */;
			productName = FirebaseStorage;
		};
		422ADB692BBAC374004D2F9F /* FirebaseStorageCombine-Community */ = {
			isa = XCSwiftPackageProductDependency;
			package = 422ADB382BBAC373004D2F9F /* XCRemoteSwiftPackageReference "firebase-ios-sdk" */;
			productName = "FirebaseStorageCombine-Community";
		};
/* End XCSwiftPackageProductDependency section */
	};
	rootObject = 42313A492B92620100453DCF /* Project object */;
}
